version = 1
revision = 1
requires-python = ">=3.13"

[[package]]
name = "lp-solver"
version = "0.1.0"
source = { virtual = "." }
dependencies = [
    { name = "pulp" },
]

[package.metadata]
requires-dist = [{ name = "pulp", specifier = ">=2.7.0" }]

[[package]]
name = "pulp"
version = "3.2.1"
source = { registry = "https://pypi.org/simple" }
sdist = { url = "https://files.pythonhosted.org/packages/2f/cd/cb1308632ad5b092ebbfe64d0cd0b9906caec6e52bff88f54ddd3d434694/pulp-3.2.1.tar.gz", hash = "sha256:fc6c02c47c06342c586b175924add753cad7638ff6149b3b43e87ac6709ac469", size = 16297436 }
wheels = [
    { url = "https://files.pythonhosted.org/packages/84/45/2bb878df73b5545405faff0b0b30f72929222356387a41b50ca268951d5d/pulp-3.2.1-py3-none-any.whl", hash = "sha256:c6cf7fe84cef15795bc7c27e2f3c6784db5cf6ebf68e94d5a659b02415f982c5", size = 16383592 },
]
